
Microsoft Visual Studio Solution File, Format Version 12.00
# Visual Studio Version 17
VisualStudioVersion = 17.4.33205.214
MinimumVisualStudioVersion = 10.0.40219.1
Project("{8BC9CEB8-8B4A-11D0-8D11-00A0C91BC942}") = "Chapter01(개발환경 설정 및 테스트)", "Chapter01(개발환경 설정 및 테스트)\Chapter01(개발환경 설정 및 테스트).vcxproj", "{3A8BD2F4-332E-4702-AAC5-FFC75E767BF5}"
EndProject
Global
	GlobalSection(SolutionConfigurationPlatforms) = preSolution
		Debug|x64 = Debug|x64
		Debug|x86 = Debug|x86
		Release|x64 = Release|x64
		Release|x86 = Release|x86
	EndGlobalSection
	GlobalSection(ProjectConfigurationPlatforms) = postSolution
		{3A8BD2F4-332E-4702-AAC5-FFC75E767BF5}.Debug|x64.ActiveCfg = Debug|x64
		{3A8BD2F4-332E-4702-AAC5-FFC75E767BF5}.Debug|x64.Build.0 = Debug|x64
		{3A8BD2F4-332E-4702-AAC5-FFC75E767BF5}.Debug|x86.ActiveCfg = Debug|Win32
		{3A8BD2F4-332E-4702-AAC5-FFC75E767BF5}.Debug|x86.Build.0 = Debug|Win32
		{3A8BD2F4-332E-4702-AAC5-FFC75E767BF5}.Release|x64.ActiveCfg = Release|x64
		{3A8BD2F4-332E-4702-AAC5-FFC75E767BF5}.Release|x64.Build.0 = Release|x64
		{3A8BD2F4-332E-4702-AAC5-FFC75E767BF5}.Release|x86.ActiveCfg = Release|Win32
		{3A8BD2F4-332E-4702-AAC5-FFC75E767BF5}.Release|x86.Build.0 = Release|Win32
	EndGlobalSection
	GlobalSection(SolutionProperties) = preSolution
		HideSolutionNode = FALSE
	EndGlobalSection
	GlobalSection(ExtensibilityGlobals) = postSolution
		SolutionGuid = {60D5149E-3B68-44C4-87F7-BF2AC7E5FB91}
	EndGlobalSection
EndGlobal
